{
  "name": "Starter",
  "version": "0.0.1",
  "lockfileVersion": 1,
  "requires": true,
  "dependencies": {
    "redux-state-getter": {
      "version": "github:alican-k/redux-state-getter#afe8a14637679431b811b489d11178158619afe1",
      "requires": {
        "ramda": "0.25.0"
      },
      "dependencies": {
        "ramda": {
          "version": "0.25.0",
          "resolved": "https://registry.npmjs.org/ramda/-/ramda-0.25.0.tgz",
          "integrity": "sha512-GXpfrYVPwx3K7RQ6aYT8KPS8XViSXUVJT1ONhoKPE9VAleW42YE+U+8VEyGWt41EnEQW7gwecYJriTI0pKoecQ=="
        }
      }
    }
  }
}
